
Microsoft Visual Studio Solution File, Format Version 12.00
# Visual Studio 14
VisualStudioVersion = 14.0.22512.0
MinimumVisualStudioVersion = 10.0.40219.1
Project("{FAE04EC0-301F-11D3-BF4B-00C04F79EFBC}") = "GlyphExporter", "GlyphExporter\GlyphExporter.csproj", "{BBE8E5B4-11D9-4272-8D9C-63830EBB80C3}"
EndProject
Project("{2150E333-8FDC-42A3-9474-1A3956D46DE8}") = "Solution Items", "Solution Items", "{5BE2DDFB-600E-4DBF-B88F-590163C7EFA6}"
	ProjectSection(SolutionItems) = preProject
		.gitignore = .gitignore
		appveyor.yml = appveyor.yml
		README.md = README.md
	EndProjectSection
EndProject
Global
	GlobalSection(SolutionConfigurationPlatforms) = preSolution
		CI|Any CPU = CI|Any CPU
		Debug|Any CPU = Debug|Any CPU
		Release|Any CPU = Release|Any CPU
	EndGlobalSection
	GlobalSection(ProjectConfigurationPlatforms) = postSolution
		{BBE8E5B4-11D9-4272-8D9C-63830EBB80C3}.CI|Any CPU.ActiveCfg = CI|Any CPU
		{BBE8E5B4-11D9-4272-8D9C-63830EBB80C3}.CI|Any CPU.Build.0 = CI|Any CPU
		{BBE8E5B4-11D9-4272-8D9C-63830EBB80C3}.Debug|Any CPU.ActiveCfg = Debug|Any CPU
		{BBE8E5B4-11D9-4272-8D9C-63830EBB80C3}.Debug|Any CPU.Build.0 = Debug|Any CPU
		{BBE8E5B4-11D9-4272-8D9C-63830EBB80C3}.Release|Any CPU.ActiveCfg = Release|Any CPU
		{BBE8E5B4-11D9-4272-8D9C-63830EBB80C3}.Release|Any CPU.Build.0 = Release|Any CPU
	EndGlobalSection
	GlobalSection(SolutionProperties) = preSolution
		HideSolutionNode = FALSE
	EndGlobalSection
EndGlobal
